
Microsoft Visual Studio Solution File, Format Version 12.00
# Visual Studio Version 17
VisualStudioVersion = 17.0.31808.319
MinimumVisualStudioVersion = 10.0.40219.1
Project("{9A19103F-16F7-4668-BE54-9A1E7A4F7556}") = "Editor.UI", "Editor.UI\Editor.UI.csproj", "{27A6CB8E-1CD2-4F67-9369-C6F1FF239978}"
EndProject
Project("{9A19103F-16F7-4668-BE54-9A1E7A4F7556}") = "ViewportTwoD", "ViewportTwoD\ViewportTwoD.csproj", "{64605705-EE31-430F-98EB-36C1E9F94EE6}"
EndProject
Global
	GlobalSection(SolutionConfigurationPlatforms) = preSolution
		Debug|x64 = Debug|x64
		Release|x64 = Release|x64
	EndGlobalSection
	GlobalSection(ProjectConfigurationPlatforms) = postSolution
		{27A6CB8E-1CD2-4F67-9369-C6F1FF239978}.Debug|x64.ActiveCfg = Debug|x64
		{27A6CB8E-1CD2-4F67-9369-C6F1FF239978}.Debug|x64.Build.0 = Debug|x64
		{27A6CB8E-1CD2-4F67-9369-C6F1FF239978}.Release|x64.ActiveCfg = Release|x64
		{27A6CB8E-1CD2-4F67-9369-C6F1FF239978}.Release|x64.Build.0 = Release|x64
		{64605705-EE31-430F-98EB-36C1E9F94EE6}.Debug|x64.ActiveCfg = Debug|x64
		{64605705-EE31-430F-98EB-36C1E9F94EE6}.Debug|x64.Build.0 = Debug|x64
		{64605705-EE31-430F-98EB-36C1E9F94EE6}.Release|x64.ActiveCfg = Release|x64
		{64605705-EE31-430F-98EB-36C1E9F94EE6}.Release|x64.Build.0 = Release|x64
	EndGlobalSection
	GlobalSection(SolutionProperties) = preSolution
		HideSolutionNode = FALSE
	EndGlobalSection
	GlobalSection(ExtensibilityGlobals) = postSolution
		SolutionGuid = {39B1AE0B-A836-4A29-A729-26FE521EE5D5}
	EndGlobalSection
EndGlobal
